// !$*UTF8*$!
{
	archiveVersion = 1;
	classes = {
	};
	objectVersion = 50;
	objects = {

/* Begin PBXBuildFile section */
		FFA13D7924B55FC9006702AE /* AppDelegate.swift in Sources */ = {isa = PBXBuildFile; fileRef = FFA13D7824B55FC9006702AE /* AppDelegate.swift */; };
		FFA13D7B24B55FC9006702AE /* SceneDelegate.swift in Sources */ = {isa = PBXBuildFile; fileRef = FFA13D7A24B55FC9006702AE /* SceneDelegate.swift */; };
		FFA13D7D24B55FC9006702AE /* ContentView.swift in Sources */ = {isa = PBXBuildFile; fileRef = FFA13D7C24B55FC9006702AE /* ContentView.swift */; };
		FFA13D7F24B55FCE006702AE /* Assets.xcassets in Resources */ = {isa = PBXBuildFile; fileRef = FFA13D7E24B55FCE006702AE /* Assets.xcassets */; };
		FFA13D8224B55FCE006702AE /* Preview Assets.xcassets in Resources */ = {isa = PBXBuildFile; fileRef = FFA13D8124B55FCE006702AE /* Preview Assets.xcassets */; };
		FFA13D8524B55FCE006702AE /* LaunchScreen.storyboard in Resources */ = {isa = PBXBuildFile; fileRef = FFA13D8324B55FCE006702AE /* LaunchScreen.storyboard */; };
/* End PBXBuildFile section */

/* Begin PBXFileReference section */
		FFA13D7524B55FC9006702AE /* paralaxEfectSwiftUI.app */ = {isa = PBXFileReference; explicitFileType = wrapper.application; includeInIndex = 0; path = paralaxEfectSwiftUI.app; sourceTree = BUILT_PRODUCTS_DIR; };
		FFA13D7824B55FC9006702AE /* AppDelegate.swift */ = {isa = PBXFileReference; lastKnownFileType = sourcecode.swift; path = AppDelegate.swift; sourceTree = "<group>"; };
		FFA13D7A24B55FC9006702AE /* SceneDelegate.swift */ = {isa = PBXFileReference; lastKnownFileType = sourcecode.swift; path = SceneDelegate.swift; sourceTree = "<group>"; };
		FFA13D7C24B55FC9006702AE /* ContentView.swift */ = {isa = PBXFileReference; lastKnownFileType = sourcecode.swift; path = ContentView.swift; sourceTree = "<group>"; };
		FFA13D7E24B55FCE006702AE /* Assets.xcassets */ = {isa = PBXFileReference; lastKnownFileType = folder.assetcatalog; path = Assets.xcassets; sourceTree = "<group>"; };
		FFA13D8124B55FCE006702AE /* Preview Assets.xcassets */ = {isa = PBXFileReference; lastKnownFileType = folder.assetcatalog; path = "Preview Assets.xcassets"; sourceTree = "<group>"; };
		FFA13D8424B55FCE006702AE /* Base */ = {isa = PBXFileReference; lastKnownFileType = file.storyboard; name = Base; path = Base.lproj/LaunchScreen.storyboard; sourceTree = "<group>"; };
		FFA13D8624B55FCE006702AE /* Info.plist */ = {isa = PBXFileReference; lastKnownFileType = text.plist.xml; path = Info.plist; sourceTree = "<group>"; };
/* End PBXFileReference section */

/* Begin PBXFrameworksBuildPhase section */
		FFA13D7224B55FC8006702AE /* Frameworks */ = {
			isa = PBXFrameworksBuildPhase;
			buildActionMask = 2147483647;
			files = (
			);
			runOnlyForDeploymentPostprocessing = 0;
		};
/* End PBXFrameworksBuildPhase section */

/* Begin PBXGroup section */
		FFA13D6C24B55FC8006702AE = {
			isa = PBXGroup;
			children = (
				FFA13D7724B55FC9006702AE /* paralaxEfectSwiftUI */,
				FFA13D7624B55FC9006702AE /* Products */,
			);
			sourceTree = "<group>";
		};
		FFA13D7624B55FC9006702AE /* Products */ = {
			isa = PBXGroup;
			children = (
				FFA13D7524B55FC9006702AE /* paralaxEfectSwiftUI.app */,
			);
			name = Products;
			sourceTree = "<group>";
		};
		FFA13D7724B55FC9006702AE /* paralaxEfectSwiftUI */ = {
			isa = PBXGroup;
			children = (
				FFA13D7824B55FC9006702AE /* AppDelegate.swift */,
				FFA13D7A24B55FC9006702AE /* SceneDelegate.swift */,
				FFA13D7C24B55FC9006702AE /* ContentView.swift */,
				FFA13D7E24B55FCE006702AE /* Assets.xcassets */,
				FFA13D8324B55FCE006702AE /* LaunchScreen.storyboard */,
				FFA13D8624B55FCE006702AE /* Info.plist */,
				FFA13D8024B55FCE006702AE /* Preview Content */,
			);
			path = paralaxEfectSwiftUI;
			sourceTree = "<group>";
		};
		FFA13D8024B55FCE006702AE /* Preview Content */ = {
			isa = PBXGroup;
			children = (
				FFA13D8124B55FCE006702AE /* Preview Assets.xcassets */,
			);
			path = "Preview Content";
			sourceTree = "<group>";
		};
/* End PBXGroup section */

/* Begin PBXNativeTarget section */
		FFA13D7424B55FC8006702AE /* paralaxEfectSwiftUI */ = {
			isa = PBXNativeTarget;
			buildConfigurationList = FFA13D8924B55FCE006702AE /* Build configuration list for PBXNativeTarget "paralaxEfectSwiftUI" */;
			buildPhases = (
				FFA13D7124B55FC8006702AE /* Sources */,
				FFA13D7224B55FC8006702AE /* Frameworks */,
				FFA13D7324B55FC8006702AE /* Resources */,
			);
			buildRules = (
			);
			dependencies = (
			);
			name = paralaxEfectSwiftUI;
			productName = paralaxEfectSwiftUI;
			productReference = FFA13D7524B55FC9006702AE /* paralaxEfectSwiftUI.app */;
			productType = "com.apple.product-type.application";
		};
/* End PBXNativeTarget section */

/* Begin PBXProject section */
		FFA13D6D24B55FC8006702AE /* Project object */ = {
			isa = PBXProject;
			attributes = {
				LastSwiftUpdateCheck = 1150;
				LastUpgradeCheck = 1150;
				ORGANIZATIONNAME = "Danilo Requena";
				TargetAttributes = {
					FFA13D7424B55FC8006702AE = {
						CreatedOnToolsVersion = 11.5;
					};
				};
			};
			buildConfigurationList = FFA13D7024B55FC8006702AE /* Build configuration list for PBXProject "paralaxEfectSwiftUI" */;
			compatibilityVersion = "Xcode 9.3";
			developmentRegion = en;
			hasScannedForEncodings = 0;
			knownRegions = (
				en,
				Base,
			);
			mainGroup = FFA13D6C24B55FC8006702AE;
			productRefGroup = FFA13D7624B55FC9006702AE /* Products */;
			projectDirPath = "";
			projectRoot = "";
			targets = (
				FFA13D7424B55FC8006702AE /* paralaxEfectSwiftUI */,
			);
		};
/* End PBXProject section */

/* Begin PBXResourcesBuildPhase section */
		FFA13D7324B55FC8006702AE /* Resources */ = {
			isa = PBXResourcesBuildPhase;
			buildActionMask = 2147483647;
			files = (
				FFA13D8524B55FCE006702AE /* LaunchScreen.storyboard in Resources */,
				FFA13D8224B55FCE006702AE /* Preview Assets.xcassets in Resources */,
				FFA13D7F24B55FCE006702AE /* Assets.xcassets in Resources */,
			);
			runOnlyForDeploymentPostprocessing = 0;
		};
/* End PBXResourcesBuildPhase section */

/* Begin PBXSourcesBuildPhase section */
		FFA13D7124B55FC8006702AE /* Sources */ = {
			isa = PBXSourcesBuildPhase;
			buildActionMask = 2147483647;
			files = (
				FFA13D7924B55FC9006702AE /* AppDelegate.swift in Sources */,
				FFA13D7B24B55FC9006702AE /* SceneDelegate.swift in Sources */,
				FFA13D7D24B55FC9006702AE /* ContentView.swift in Sources */,
			);
			runOnlyForDeploymentPostprocessing = 0;
		};
/* End PBXSourcesBuildPhase section */

/* Begin PBXVariantGroup section */
		FFA13D8324B55FCE006702AE /* LaunchScreen.storyboard */ = {
			isa = PBXVariantGroup;
			children = (
				FFA13D8424B55FCE006702AE /* Base */,
			);
			name = LaunchScreen.storyboard;
			sourceTree = "<group>";
		};
/* End PBXVariantGroup section */

/* Begin XCBuildConfiguration section */
		FFA13D8724B55FCE006702AE /* Debug */ = {
			isa = XCBuildConfiguration;
			buildSettings = {
				ALWAYS_SEARCH_USER_PATHS = NO;
				CLANG_ANALYZER_NONNULL = YES;
				CLANG_ANALYZER_NUMBER_OBJECT_CONVERSION = YES_AGGRESSIVE;
				CLANG_CXX_LANGUAGE_STANDARD = "gnu++14";
				CLANG_CXX_LIBRARY = "libc++";
				CLANG_ENABLE_MODULES = YES;
				CLANG_ENABLE_OBJC_ARC = YES;
				CLANG_ENABLE_OBJC_WEAK = YES;
				CLANG_WARN_BLOCK_CAPTURE_AUTORELEASING = YES;
				CLANG_WARN_BOOL_CONVERSION = YES;
				CLANG_WARN_COMMA = YES;
				CLANG_WARN_CONSTANT_CONVERSION = YES;
				CLANG_WARN_DEPRECATED_OBJC_IMPLEMENTATIONS = YES;
				CLANG_WARN_DIRECT_OBJC_ISA_USAGE = YES_ERROR;
				CLANG_WARN_DOCUMENTATION_COMMENTS = YES;
				CLANG_WARN_EMPTY_BODY = YES;
				CLANG_WARN_ENUM_CONVERSION = YES;
				CLANG_WARN_INFINITE_RECURSION = YES;
				CLANG_WARN_INT_CONVERSION = YES;
				CLANG_WARN_NON_LITERAL_NULL_CONVERSION = YES;
				CLANG_WARN_OBJC_IMPLICIT_RETAIN_SELF = YES;
				CLANG_WARN_OBJC_LITERAL_CONVERSION = YES;
				CLANG_WARN_OBJC_ROOT_CLASS = YES_ERROR;
				CLANG_WARN_RANGE_LOOP_ANALYSIS = YES;
				CLANG_WARN_STRICT_PROTOTYPES = YES;
				CLANG_WARN_SUSPICIOUS_MOVE = YES;
				CLANG_WARN_UNGUARDED_AVAILABILITY = YES_AGGRESSIVE;
				CLANG_WARN_UNREACHABLE_CODE = YES;
				CLANG_WARN__DUPLICATE_METHOD_MATCH = YES;
				COPY_PHASE_STRIP = NO;
				DEBUG_INFORMATION_FORMAT = dwarf;
				ENABLE_STRICT_OBJC_MSGSEND = YES;
				ENABLE_TESTABILITY = YES;
				GCC_C_LANGUAGE_STANDARD = gnu11;
				GCC_DYNAMIC_NO_PIC = NO;
				GCC_NO_COMMON_BLOCKS = YES;
				GCC_OPTIMIZATION_LEVEL = 0;
				GCC_PREPROCESSOR_DEFINITIONS = (
					"DEBUG=1",
					"$(inherited)",
				);
				GCC_WARN_64_TO_32_BIT_CONVERSION = YES;
				GCC_WARN_ABOUT_RETURN_TYPE = YES_ERROR;
				GCC_WARN_UNDECLARED_SELECTOR = YES;
				GCC_WARN_UNINITIALIZED_AUTOS = YES_AGGRESSIVE;
				GCC_WARN_UNUSED_FUNCTION = YES;
				GCC_WARN_UNUSED_VARIABLE = YES;
				IPHONEOS_DEPLOYMENT_TARGET = 13.5;
				MTL_ENABLE_DEBUG_INFO = INCLUDE_SOURCE;
				MTL_FAST_MATH = YES;
				ONLY_ACTIVE_ARCH = YES;
				SDKROOT = iphoneos;
				SWIFT_ACTIVE_COMPILATION_CONDITIONS = DEBUG;
				SWIFT_OPTIMIZATION_LEVEL = "-Onone";
			};
			name = Debug;
		};
		FFA13D8824B55FCE006702AE /* Release */ = {
			isa = XCBuildConfiguration;
			buildSettings = {
				ALWAYS_SEARCH_USER_PATHS = NO;
				CLANG_ANALYZER_NONNULL = YES;
				CLANG_ANALYZER_NUMBER_OBJECT_CONVERSION = YES_AGGRESSIVE;
				CLANG_CXX_LANGUAGE_STANDARD = "gnu++14";
				CLANG_CXX_LIBRARY = "libc++";
				CLANG_ENABLE_MODULES = YES;
				CLANG_ENABLE_OBJC_ARC = YES;
				CLANG_ENABLE_OBJC_WEAK = YES;
				CLANG_WARN_BLOCK_CAPTURE_AUTORELEASING = YES;
				CLANG_WARN_BOOL_CONVERSION = YES;
				CLANG_WARN_COMMA = YES;
				CLANG_WARN_CONSTANT_CONVERSION = YES;
				CLANG_WARN_DEPRECATED_OBJC_IMPLEMENTATIONS = YES;
				CLANG_WARN_DIRECT_OBJC_ISA_USAGE = YES_ERROR;
				CLANG_WARN_DOCUMENTATION_COMMENTS = YES;
				CLANG_WARN_EMPTY_BODY = YES;
				CLANG_WARN_ENUM_CONVERSION = YES;
				CLANG_WARN_INFINITE_RECURSION = YES;
				CLANG_WARN_INT_CONVERSION = YES;
				CLANG_WARN_NON_LITERAL_NULL_CONVERSION = YES;
				CLANG_WARN_OBJC_IMPLICIT_RETAIN_SELF = YES;
				CLANG_WARN_OBJC_LITERAL_CONVERSION = YES;
				CLANG_WARN_OBJC_ROOT_CLASS = YES_ERROR;
				CLANG_WARN_RANGE_LOOP_ANALYSIS = YES;
				CLANG_WARN_STRICT_PROTOTYPES = YES;
				CLANG_WARN_SUSPICIOUS_MOVE = YES;
				CLANG_WARN_UNGUARDED_AVAILABILITY = YES_AGGRESSIVE;
				CLANG_WARN_UNREACHABLE_CODE = YES;
				CLANG_WARN__DUPLICATE_METHOD_MATCH = YES;
				COPY_PHASE_STRIP = NO;
				DEBUG_INFORMATION_FORMAT = "dwarf-with-dsym";
				ENABLE_NS_ASSERTIONS = NO;
				ENABLE_STRICT_OBJC_MSGSEND = YES;
				GCC_C_LANGUAGE_STANDARD = gnu11;
				GCC_NO_COMMON_BLOCKS = YES;
				GCC_WARN_64_TO_32_BIT_CONVERSION = YES;
				GCC_WARN_ABOUT_RETURN_TYPE = YES_ERROR;
				GCC_WARN_UNDECLARED_SELECTOR = YES;
				GCC_WARN_UNINITIALIZED_AUTOS = YES_AGGRESSIVE;
				GCC_WARN_UNUSED_FUNCTION = YES;
				GCC_WARN_UNUSED_VARIABLE = YES;
				IPHONEOS_DEPLOYMENT_TARGET = 13.5;
				MTL_ENABLE_DEBUG_INFO = NO;
				MTL_FAST_MATH = YES;
				SDKROOT = iphoneos;
				SWIFT_COMPILATION_MODE = wholemodule;
				SWIFT_OPTIMIZATION_LEVEL = "-O";
				VALIDATE_PRODUCT = YES;
			};
			name = Release;
		};
		FFA13D8A24B55FCE006702AE /* Debug */ = {
			isa = XCBuildConfiguration;
			buildSettings = {
				ASSETCATALOG_COMPILER_APPICON_NAME = AppIcon;
				CODE_SIGN_STYLE = Automatic;
				DEVELOPMENT_ASSET_PATHS = "\"paralaxEfectSwiftUI/Preview Content\"";
				DEVELOPMENT_TEAM = SM9KCJGMUP;
				ENABLE_PREVIEWS = YES;
				INFOPLIST_FILE = paralaxEfectSwiftUI/Info.plist;
				LD_RUNPATH_SEARCH_PATHS = (
					"$(inherited)",
					"@executable_path/Frameworks",
				);
				PRODUCT_BUNDLE_IDENTIFIER = com.dobigaster.paralaxEfectSwiftUI;
				PRODUCT_NAME = "$(TARGET_NAME)";
				SWIFT_VERSION = 5.0;
				TARGETED_DEVICE_FAMILY = "1,2";
			};
			name = Debug;
		};
		FFA13D8B24B55FCE006702AE /* Release */ = {
			isa = XCBuildConfiguration;
			buildSettings = {
				ASSETCATALOG_COMPILER_APPICON_NAME = AppIcon;
				CODE_SIGN_STYLE = Automatic;
				DEVELOPMENT_ASSET_PATHS = "\"paralaxEfectSwiftUI/Preview Content\"";
				DEVELOPMENT_TEAM = SM9KCJGMUP;
				ENABLE_PREVIEWS = YES;
				INFOPLIST_FILE = paralaxEfectSwiftUI/Info.plist;
				LD_RUNPATH_SEARCH_PATHS = (
					"$(inherited)",
					"@executable_path/Frameworks",
				);
				PRODUCT_BUNDLE_IDENTIFIER = com.dobigaster.paralaxEfectSwiftUI;
				PRODUCT_NAME = "$(TARGET_NAME)";
				SWIFT_VERSION = 5.0;
				TARGETED_DEVICE_FAMILY = "1,2";
			};
			name = Release;
		};
/* End XCBuildConfiguration section */

/* Begin XCConfigurationList section */
		FFA13D7024B55FC8006702AE /* Build configuration list for PBXProject "paralaxEfectSwiftUI" */ = {
			isa = XCConfigurationList;
			buildConfigurations = (
				FFA13D8724B55FCE006702AE /* Debug */,
				FFA13D8824B55FCE006702AE /* Release */,
			);
			defaultConfigurationIsVisible = 0;
			defaultConfigurationName = Release;
		};
		FFA13D8924B55FCE006702AE /* Build configuration list for PBXNativeTarget "paralaxEfectSwiftUI" */ = {
			isa = XCConfigurationList;
			buildConfigurations = (
				FFA13D8A24B55FCE006702AE /* Debug */,
				FFA13D8B24B55FCE006702AE /* Release */,
			);
			defaultConfigurationIsVisible = 0;
			defaultConfigurationName = Release;
		};
/* End XCConfigurationList section */
	};
	rootObject = FFA13D6D24B55FC8006702AE /* Project object */;
}
